
Microsoft Visual Studio Solution File, Format Version 12.00
# Visual Studio Version 17
VisualStudioVersion = 17.8.34330.188
MinimumVisualStudioVersion = 10.0.40219.1
Project("{9A19103F-16F7-4668-BE54-9A1E7A4F7556}") = "Domain", "Domain\Domain.csproj", "{B005194B-8805-4C04-8B55-3A610C01378E}"
EndProject
Project("{9A19103F-16F7-4668-BE54-9A1E7A4F7556}") = "Application", "Application\Application.csproj", "{6A342262-1631-4815-BD70-B57F9E3AE366}"
EndProject
Project("{9A19103F-16F7-4668-BE54-9A1E7A4F7556}") = "Infrastructure", "Infrastructure\Infrastructure.csproj", "{A6F8FA89-52B5-4C48-9496-3113FB6F879E}"
EndProject
Project("{9A19103F-16F7-4668-BE54-9A1E7A4F7556}") = "TestProject", "TestProject1\TestProject.csproj", "{8F8CEA88-0B6F-4217-8CEB-AC23E6D8812E}"
EndProject
Project("{9A19103F-16F7-4668-BE54-9A1E7A4F7556}") = "ConsoleApp", "ConsoleApp\ConsoleApp.csproj", "{14C24C85-D74B-49E9-8CC8-60CC83A78FD0}"
EndProject
Global
	GlobalSection(SolutionConfigurationPlatforms) = preSolution
		Debug|Any CPU = Debug|Any CPU
		Release|Any CPU = Release|Any CPU
	EndGlobalSection
	GlobalSection(ProjectConfigurationPlatforms) = postSolution
		{B005194B-8805-4C04-8B55-3A610C01378E}.Debug|Any CPU.ActiveCfg = Debug|Any CPU
		{B005194B-8805-4C04-8B55-3A610C01378E}.Debug|Any CPU.Build.0 = Debug|Any CPU
		{B005194B-8805-4C04-8B55-3A610C01378E}.Release|Any CPU.ActiveCfg = Release|Any CPU
		{B005194B-8805-4C04-8B55-3A610C01378E}.Release|Any CPU.Build.0 = Release|Any CPU
		{6A342262-1631-4815-BD70-B57F9E3AE366}.Debug|Any CPU.ActiveCfg = Debug|Any CPU
		{6A342262-1631-4815-BD70-B57F9E3AE366}.Debug|Any CPU.Build.0 = Debug|Any CPU
		{6A342262-1631-4815-BD70-B57F9E3AE366}.Release|Any CPU.ActiveCfg = Release|Any CPU
		{6A342262-1631-4815-BD70-B57F9E3AE366}.Release|Any CPU.Build.0 = Release|Any CPU
		{A6F8FA89-52B5-4C48-9496-3113FB6F879E}.Debug|Any CPU.ActiveCfg = Debug|Any CPU
		{A6F8FA89-52B5-4C48-9496-3113FB6F879E}.Debug|Any CPU.Build.0 = Debug|Any CPU
		{A6F8FA89-52B5-4C48-9496-3113FB6F879E}.Release|Any CPU.ActiveCfg = Release|Any CPU
		{A6F8FA89-52B5-4C48-9496-3113FB6F879E}.Release|Any CPU.Build.0 = Release|Any CPU
		{8F8CEA88-0B6F-4217-8CEB-AC23E6D8812E}.Debug|Any CPU.ActiveCfg = Debug|Any CPU
		{8F8CEA88-0B6F-4217-8CEB-AC23E6D8812E}.Debug|Any CPU.Build.0 = Debug|Any CPU
		{8F8CEA88-0B6F-4217-8CEB-AC23E6D8812E}.Release|Any CPU.ActiveCfg = Release|Any CPU
		{8F8CEA88-0B6F-4217-8CEB-AC23E6D8812E}.Release|Any CPU.Build.0 = Release|Any CPU
		{14C24C85-D74B-49E9-8CC8-60CC83A78FD0}.Debug|Any CPU.ActiveCfg = Debug|Any CPU
		{14C24C85-D74B-49E9-8CC8-60CC83A78FD0}.Debug|Any CPU.Build.0 = Debug|Any CPU
		{14C24C85-D74B-49E9-8CC8-60CC83A78FD0}.Release|Any CPU.ActiveCfg = Release|Any CPU
		{14C24C85-D74B-49E9-8CC8-60CC83A78FD0}.Release|Any CPU.Build.0 = Release|Any CPU
	EndGlobalSection
	GlobalSection(SolutionProperties) = preSolution
		HideSolutionNode = FALSE
	EndGlobalSection
	GlobalSection(ExtensibilityGlobals) = postSolution
		SolutionGuid = {C5604A8B-C73F-46E0-9785-71252377CC0A}
	EndGlobalSection
EndGlobal
